
Microsoft Visual Studio Solution File, Format Version 12.00
# Visual Studio Version 17
VisualStudioVersion = 17.3.32825.248
MinimumVisualStudioVersion = 10.0.40219.1
Project("{FAE04EC0-301F-11D3-BF4B-00C04F79EFBC}") = "FlashClone", "FlashClone.csproj", "{07B09FDF-FB85-4C5F-9670-B586CEC1CD1B}"
EndProject
Global
	GlobalSection(SolutionConfigurationPlatforms) = preSolution
		Debug|Any CPU = Debug|Any CPU
		Release|Any CPU = Release|Any CPU
	EndGlobalSection
	GlobalSection(ProjectConfigurationPlatforms) = postSolution
		{07B09FDF-FB85-4C5F-9670-B586CEC1CD1B}.Debug|Any CPU.ActiveCfg = Debug|Any CPU
		{07B09FDF-FB85-4C5F-9670-B586CEC1CD1B}.Debug|Any CPU.Build.0 = Debug|Any CPU
		{07B09FDF-FB85-4C5F-9670-B586CEC1CD1B}.Release|Any CPU.ActiveCfg = Release|Any CPU
		{07B09FDF-FB85-4C5F-9670-B586CEC1CD1B}.Release|Any CPU.Build.0 = Release|Any CPU
	EndGlobalSection
	GlobalSection(SolutionProperties) = preSolution
		HideSolutionNode = FALSE
	EndGlobalSection
	GlobalSection(ExtensibilityGlobals) = postSolution
		SolutionGuid = {27DF832C-C2FE-4045-9B7D-2CBAB12299B4}
	EndGlobalSection
EndGlobal
